
Microsoft Visual Studio Solution File, Format Version 12.00
# Visual Studio 15
VisualStudioVersion = 15.0.28307.1082
MinimumVisualStudioVersion = 10.0.40219.1
Project("{8BC9CEB8-8B4A-11D0-8D11-00A0C91BC942}") = "DP", "DP\DP.vcxproj", "{D9CD4889-2367-49C9-9E51-FBD5EB7C6130}"
EndProject
Global
	GlobalSection(SolutionConfigurationPlatforms) = preSolution
		Debug|x64 = Debug|x64
		Debug|x86 = Debug|x86
		Release|x64 = Release|x64
		Release|x86 = Release|x86
	EndGlobalSection
	GlobalSection(ProjectConfigurationPlatforms) = postSolution
		{D9CD4889-2367-49C9-9E51-FBD5EB7C6130}.Debug|x64.ActiveCfg = Debug|x64
		{D9CD4889-2367-49C9-9E51-FBD5EB7C6130}.Debug|x64.Build.0 = Debug|x64
		{D9CD4889-2367-49C9-9E51-FBD5EB7C6130}.Debug|x86.ActiveCfg = Debug|Win32
		{D9CD4889-2367-49C9-9E51-FBD5EB7C6130}.Debug|x86.Build.0 = Debug|Win32
		{D9CD4889-2367-49C9-9E51-FBD5EB7C6130}.Release|x64.ActiveCfg = Release|x64
		{D9CD4889-2367-49C9-9E51-FBD5EB7C6130}.Release|x64.Build.0 = Release|x64
		{D9CD4889-2367-49C9-9E51-FBD5EB7C6130}.Release|x86.ActiveCfg = Release|Win32
		{D9CD4889-2367-49C9-9E51-FBD5EB7C6130}.Release|x86.Build.0 = Release|Win32
	EndGlobalSection
	GlobalSection(SolutionProperties) = preSolution
		HideSolutionNode = FALSE
	EndGlobalSection
	GlobalSection(ExtensibilityGlobals) = postSolution
		SolutionGuid = {6F246EBE-0324-4716-8E0A-979C11131196}
	EndGlobalSection
EndGlobal
